
Microsoft Visual Studio Solution File, Format Version 12.00
# Visual Studio Version 17
VisualStudioVersion = 17.3.32825.248
MinimumVisualStudioVersion = 10.0.40219.1
Project("{9A19103F-16F7-4668-BE54-9A1E7A4F7556}") = "App.WebApi", "App.WebApi\App.WebApi.csproj", "{4090D1B3-E30B-4686-9F40-292F35318877}"
EndProject
Project("{9A19103F-16F7-4668-BE54-9A1E7A4F7556}") = "App.Data", "App.Data\App.Data.csproj", "{1967DC80-D8F7-4318-BE32-A50C256C9145}"
EndProject
Project("{FAE04EC0-301F-11D3-BF4B-00C04F79EFBC}") = "App.Business", "App.Business\App.Business.csproj", "{36C218DB-5058-4CCD-8E55-8C5933F6D2C9}"
EndProject
Global
	GlobalSection(SolutionConfigurationPlatforms) = preSolution
		Debug|Any CPU = Debug|Any CPU
		Release|Any CPU = Release|Any CPU
	EndGlobalSection
	GlobalSection(ProjectConfigurationPlatforms) = postSolution
		{4090D1B3-E30B-4686-9F40-292F35318877}.Debug|Any CPU.ActiveCfg = Debug|Any CPU
		{4090D1B3-E30B-4686-9F40-292F35318877}.Debug|Any CPU.Build.0 = Debug|Any CPU
		{4090D1B3-E30B-4686-9F40-292F35318877}.Release|Any CPU.ActiveCfg = Release|Any CPU
		{4090D1B3-E30B-4686-9F40-292F35318877}.Release|Any CPU.Build.0 = Release|Any CPU
		{1967DC80-D8F7-4318-BE32-A50C256C9145}.Debug|Any CPU.ActiveCfg = Debug|Any CPU
		{1967DC80-D8F7-4318-BE32-A50C256C9145}.Debug|Any CPU.Build.0 = Debug|Any CPU
		{1967DC80-D8F7-4318-BE32-A50C256C9145}.Release|Any CPU.ActiveCfg = Release|Any CPU
		{1967DC80-D8F7-4318-BE32-A50C256C9145}.Release|Any CPU.Build.0 = Release|Any CPU
		{36C218DB-5058-4CCD-8E55-8C5933F6D2C9}.Debug|Any CPU.ActiveCfg = Debug|Any CPU
		{36C218DB-5058-4CCD-8E55-8C5933F6D2C9}.Debug|Any CPU.Build.0 = Debug|Any CPU
		{36C218DB-5058-4CCD-8E55-8C5933F6D2C9}.Release|Any CPU.ActiveCfg = Release|Any CPU
		{36C218DB-5058-4CCD-8E55-8C5933F6D2C9}.Release|Any CPU.Build.0 = Release|Any CPU
	EndGlobalSection
	GlobalSection(SolutionProperties) = preSolution
		HideSolutionNode = FALSE
	EndGlobalSection
	GlobalSection(ExtensibilityGlobals) = postSolution
		SolutionGuid = {B671F571-7A93-46F5-AEE7-43CF8883E9CA}
	EndGlobalSection
EndGlobal
